
Microsoft Visual Studio Solution File, Format Version 12.00
# Visual Studio 15
VisualStudioVersion = 15.0.27703.2000
MinimumVisualStudioVersion = 10.0.40219.1
Project("{FAE04EC0-301F-11D3-BF4B-00C04F79EFBC}") = "ConsoleApp3", "ConsoleApp3\ConsoleApp3.csproj", "{47209FD7-16EE-4DC0-95F1-47C775291578}"
EndProject
Global
	GlobalSection(SolutionConfigurationPlatforms) = preSolution
		Debug|Any CPU = Debug|Any CPU
		Release|Any CPU = Release|Any CPU
	EndGlobalSection
	GlobalSection(ProjectConfigurationPlatforms) = postSolution
		{47209FD7-16EE-4DC0-95F1-47C775291578}.Debug|Any CPU.ActiveCfg = Debug|Any CPU
		{47209FD7-16EE-4DC0-95F1-47C775291578}.Debug|Any CPU.Build.0 = Debug|Any CPU
		{47209FD7-16EE-4DC0-95F1-47C775291578}.Release|Any CPU.ActiveCfg = Release|Any CPU
		{47209FD7-16EE-4DC0-95F1-47C775291578}.Release|Any CPU.Build.0 = Release|Any CPU
	EndGlobalSection
	GlobalSection(SolutionProperties) = preSolution
		HideSolutionNode = FALSE
	EndGlobalSection
	GlobalSection(ExtensibilityGlobals) = postSolution
		SolutionGuid = {01026F7B-4CCB-4068-A16C-EE7CC1941068}
	EndGlobalSection
EndGlobal
