
Microsoft Visual Studio Solution File, Format Version 12.00
# Visual Studio 15
VisualStudioVersion = 15.0.28010.2019
MinimumVisualStudioVersion = 10.0.40219.1
Project("{FAE04EC0-301F-11D3-BF4B-00C04F79EFBC}") = "Monogame_2Dplatformer", "Monogame_2Dplatformer\Monogame_2Dplatformer.csproj", "{7E083D77-0A87-4741-A288-2204D0CE746E}"
EndProject
Global
	GlobalSection(SolutionConfigurationPlatforms) = preSolution
		Debug|x86 = Debug|x86
		Release|x86 = Release|x86
	EndGlobalSection
	GlobalSection(ProjectConfigurationPlatforms) = postSolution
		{7E083D77-0A87-4741-A288-2204D0CE746E}.Debug|x86.ActiveCfg = Debug|x86
		{7E083D77-0A87-4741-A288-2204D0CE746E}.Debug|x86.Build.0 = Debug|x86
		{7E083D77-0A87-4741-A288-2204D0CE746E}.Release|x86.ActiveCfg = Release|x86
		{7E083D77-0A87-4741-A288-2204D0CE746E}.Release|x86.Build.0 = Release|x86
	EndGlobalSection
	GlobalSection(SolutionProperties) = preSolution
		HideSolutionNode = FALSE
	EndGlobalSection
	GlobalSection(ExtensibilityGlobals) = postSolution
		SolutionGuid = {2EA39A04-4801-44B6-B1E9-A4367FF7753B}
	EndGlobalSection
EndGlobal
