
Microsoft Visual Studio Solution File, Format Version 12.00
# Visual Studio 15
VisualStudioVersion = 15.0.27703.2000
MinimumVisualStudioVersion = 10.0.40219.1
Project("{FAE04EC0-301F-11D3-BF4B-00C04F79EFBC}") = "array_test", "array_test.csproj", "{D7BFC4C6-5045-4E74-8357-C9D0091173C9}"
EndProject
Global
	GlobalSection(SolutionConfigurationPlatforms) = preSolution
		Debug|Any CPU = Debug|Any CPU
		Release|Any CPU = Release|Any CPU
	EndGlobalSection
	GlobalSection(ProjectConfigurationPlatforms) = postSolution
		{D7BFC4C6-5045-4E74-8357-C9D0091173C9}.Debug|Any CPU.ActiveCfg = Debug|Any CPU
		{D7BFC4C6-5045-4E74-8357-C9D0091173C9}.Debug|Any CPU.Build.0 = Debug|Any CPU
		{D7BFC4C6-5045-4E74-8357-C9D0091173C9}.Release|Any CPU.ActiveCfg = Release|Any CPU
		{D7BFC4C6-5045-4E74-8357-C9D0091173C9}.Release|Any CPU.Build.0 = Release|Any CPU
	EndGlobalSection
	GlobalSection(SolutionProperties) = preSolution
		HideSolutionNode = FALSE
	EndGlobalSection
	GlobalSection(ExtensibilityGlobals) = postSolution
		SolutionGuid = {7948F027-9240-4270-BCD7-DDAD1157FAEA}
	EndGlobalSection
EndGlobal
