
Microsoft Visual Studio Solution File, Format Version 12.00
# Visual Studio 15
VisualStudioVersion = 15.0.28010.2019
MinimumVisualStudioVersion = 10.0.40219.1
Project("{FAE04EC0-301F-11D3-BF4B-00C04F79EFBC}") = "monogame edvin 1", "monogame edvin 1\monogame edvin 1.csproj", "{358720CC-43DF-4DFF-9680-60A29D3C8E82}"
EndProject
Global
	GlobalSection(SolutionConfigurationPlatforms) = preSolution
		Debug|x86 = Debug|x86
		Release|x86 = Release|x86
	EndGlobalSection
	GlobalSection(ProjectConfigurationPlatforms) = postSolution
		{358720CC-43DF-4DFF-9680-60A29D3C8E82}.Debug|x86.ActiveCfg = Debug|x86
		{358720CC-43DF-4DFF-9680-60A29D3C8E82}.Debug|x86.Build.0 = Debug|x86
		{358720CC-43DF-4DFF-9680-60A29D3C8E82}.Release|x86.ActiveCfg = Release|x86
		{358720CC-43DF-4DFF-9680-60A29D3C8E82}.Release|x86.Build.0 = Release|x86
	EndGlobalSection
	GlobalSection(SolutionProperties) = preSolution
		HideSolutionNode = FALSE
	EndGlobalSection
	GlobalSection(ExtensibilityGlobals) = postSolution
		SolutionGuid = {C7635A2F-5A36-4FF0-A174-19C20FC387C0}
	EndGlobalSection
EndGlobal
